// !$*UTF8*$!
{
	archiveVersion = 1;
	classes = {
	};
	objectVersion = 46;
	objects = {

/* Begin PBXBuildFile section */
		41E767F41DE5227F00135381 /* AFBase32.m in Sources */ = {isa = PBXBuildFile; fileRef = 41E767EF1DE5227F00135381 /* AFBase32.m */; };
		41E767F51DE5227F00135381 /* AppDelegate.m in Sources */ = {isa = PBXBuildFile; fileRef = 41E767F11DE5227F00135381 /* AppDelegate.m */; };
		41E767F61DE5227F00135381 /* ViewController.m in Sources */ = {isa = PBXBuildFile; fileRef = 41E767F31DE5227F00135381 /* ViewController.m */; };
		41E768011DE5229E00135381 /* Images.xcassets in Resources */ = {isa = PBXBuildFile; fileRef = 41E767FC1DE5229E00135381 /* Images.xcassets */; };
		41E768031DE5229E00135381 /* main.m in Sources */ = {isa = PBXBuildFile; fileRef = 41E767FE1DE5229E00135381 /* main.m */; };
		41E768081DE5238000135381 /* LaunchScreen.xib in Resources */ = {isa = PBXBuildFile; fileRef = 41E767F81DE5229E00135381 /* LaunchScreen.xib */; };
		41E768091DE5238000135381 /* Main.storyboard in Resources */ = {isa = PBXBuildFile; fileRef = 41E767FA1DE5229E00135381 /* Main.storyboard */; };
		41E7680A1DE5254F00135381 /* AFBase32Tests.m in Sources */ = {isa = PBXBuildFile; fileRef = 41E768041DE522D900135381 /* AFBase32Tests.m */; };
/* End PBXBuildFile section */

/* Begin PBXContainerItemProxy section */
		4159CDBF1B89AC34000215AB /* PBXContainerItemProxy */ = {
			isa = PBXContainerItemProxy;
			containerPortal = 4159CD9D1B89AC33000215AB /* Project object */;
			proxyType = 1;
			remoteGlobalIDString = 4159CDA41B89AC33000215AB;
			remoteInfo = base32;
		};
/* End PBXContainerItemProxy section */

/* Begin PBXFileReference section */
		4159CDA51B89AC33000215AB /* AFBase32.app */ = {isa = PBXFileReference; explicitFileType = wrapper.application; includeInIndex = 0; path = AFBase32.app; sourceTree = BUILT_PRODUCTS_DIR; };
		4159CDBE1B89AC34000215AB /* AFBase32Tests.xctest */ = {isa = PBXFileReference; explicitFileType = wrapper.cfbundle; includeInIndex = 0; path = AFBase32Tests.xctest; sourceTree = BUILT_PRODUCTS_DIR; };
		41E767EE1DE5227F00135381 /* AFBase32.h */ = {isa = PBXFileReference; fileEncoding = 4; lastKnownFileType = sourcecode.c.h; name = AFBase32.h; path = AFBase32/AFBase32.h; sourceTree = SOURCE_ROOT; };
		41E767EF1DE5227F00135381 /* AFBase32.m */ = {isa = PBXFileReference; fileEncoding = 4; lastKnownFileType = sourcecode.c.objc; name = AFBase32.m; path = AFBase32/AFBase32.m; sourceTree = SOURCE_ROOT; };
		41E767F01DE5227F00135381 /* AppDelegate.h */ = {isa = PBXFileReference; fileEncoding = 4; lastKnownFileType = sourcecode.c.h; name = AppDelegate.h; path = AFBase32/AppDelegate.h; sourceTree = SOURCE_ROOT; };
		41E767F11DE5227F00135381 /* AppDelegate.m */ = {isa = PBXFileReference; fileEncoding = 4; lastKnownFileType = sourcecode.c.objc; name = AppDelegate.m; path = AFBase32/AppDelegate.m; sourceTree = SOURCE_ROOT; };
		41E767F21DE5227F00135381 /* ViewController.h */ = {isa = PBXFileReference; fileEncoding = 4; lastKnownFileType = sourcecode.c.h; name = ViewController.h; path = AFBase32/ViewController.h; sourceTree = SOURCE_ROOT; };
		41E767F31DE5227F00135381 /* ViewController.m */ = {isa = PBXFileReference; fileEncoding = 4; lastKnownFileType = sourcecode.c.objc; name = ViewController.m; path = AFBase32/ViewController.m; sourceTree = SOURCE_ROOT; };
		41E767F91DE5229E00135381 /* Base */ = {isa = PBXFileReference; lastKnownFileType = file.xib; name = Base; path = LaunchScreen.xib; sourceTree = "<group>"; };
		41E767FB1DE5229E00135381 /* Base */ = {isa = PBXFileReference; lastKnownFileType = file.storyboard; name = Base; path = Main.storyboard; sourceTree = "<group>"; };
		41E767FC1DE5229E00135381 /* Images.xcassets */ = {isa = PBXFileReference; lastKnownFileType = folder.assetcatalog; name = Images.xcassets; path = AFBase32/Images.xcassets; sourceTree = SOURCE_ROOT; };
		41E767FD1DE5229E00135381 /* Info.plist */ = {isa = PBXFileReference; fileEncoding = 4; lastKnownFileType = text.plist.xml; name = Info.plist; path = AFBase32/Info.plist; sourceTree = SOURCE_ROOT; };
		41E767FE1DE5229E00135381 /* main.m */ = {isa = PBXFileReference; fileEncoding = 4; lastKnownFileType = sourcecode.c.objc; name = main.m; path = AFBase32/main.m; sourceTree = SOURCE_ROOT; };
		41E768041DE522D900135381 /* AFBase32Tests.m */ = {isa = PBXFileReference; fileEncoding = 4; lastKnownFileType = sourcecode.c.objc; name = AFBase32Tests.m; path = AFBase32Tests/AFBase32Tests.m; sourceTree = SOURCE_ROOT; };
		41E768061DE522E500135381 /* Info.plist */ = {isa = PBXFileReference; fileEncoding = 4; lastKnownFileType = text.plist.xml; name = Info.plist; path = AFBase32Tests/Info.plist; sourceTree = SOURCE_ROOT; };
/* End PBXFileReference section */

/* Begin PBXFrameworksBuildPhase section */
		4159CDA21B89AC33000215AB /* Frameworks */ = {
			isa = PBXFrameworksBuildPhase;
			buildActionMask = 2147483647;
			files = (
			);
			runOnlyForDeploymentPostprocessing = 0;
		};
		4159CDBB1B89AC34000215AB /* Frameworks */ = {
			isa = PBXFrameworksBuildPhase;
			buildActionMask = 2147483647;
			files = (
			);
			runOnlyForDeploymentPostprocessing = 0;
		};
/* End PBXFrameworksBuildPhase section */

/* Begin PBXGroup section */
		4159CD9C1B89AC33000215AB = {
			isa = PBXGroup;
			children = (
				4159CDA71B89AC33000215AB /* AFBase32 */,
				4159CDC11B89AC34000215AB /* AFBase32Tests */,
				4159CDA61B89AC33000215AB /* Products */,
			);
			sourceTree = "<group>";
		};
		4159CDA61B89AC33000215AB /* Products */ = {
			isa = PBXGroup;
			children = (
				4159CDA51B89AC33000215AB /* AFBase32.app */,
				4159CDBE1B89AC34000215AB /* AFBase32Tests.xctest */,
			);
			name = Products;
			sourceTree = "<group>";
		};
		4159CDA71B89AC33000215AB /* AFBase32 */ = {
			isa = PBXGroup;
			children = (
				41E767EE1DE5227F00135381 /* AFBase32.h */,
				41E767EF1DE5227F00135381 /* AFBase32.m */,
				41E767F01DE5227F00135381 /* AppDelegate.h */,
				41E767F11DE5227F00135381 /* AppDelegate.m */,
				41E767F21DE5227F00135381 /* ViewController.h */,
				41E767F31DE5227F00135381 /* ViewController.m */,
				4159CDA81B89AC33000215AB /* Supporting Files */,
			);
			name = AFBase32;
			path = base32;
			sourceTree = "<group>";
		};
		4159CDA81B89AC33000215AB /* Supporting Files */ = {
			isa = PBXGroup;
			children = (
				41E767FC1DE5229E00135381 /* Images.xcassets */,
				41E767FD1DE5229E00135381 /* Info.plist */,
				41E767F81DE5229E00135381 /* LaunchScreen.xib */,
				41E767FE1DE5229E00135381 /* main.m */,
				41E767FA1DE5229E00135381 /* Main.storyboard */,
			);
			name = "Supporting Files";
			sourceTree = "<group>";
		};
		4159CDC11B89AC34000215AB /* AFBase32Tests */ = {
			isa = PBXGroup;
			children = (
				41E768041DE522D900135381 /* AFBase32Tests.m */,
				4159CDC21B89AC34000215AB /* Supporting Files */,
			);
			name = AFBase32Tests;
			path = base32Tests;
			sourceTree = "<group>";
		};
		4159CDC21B89AC34000215AB /* Supporting Files */ = {
			isa = PBXGroup;
			children = (
				41E768061DE522E500135381 /* Info.plist */,
			);
			name = "Supporting Files";
			sourceTree = "<group>";
		};
/* End PBXGroup section */

/* Begin PBXNativeTarget section */
		4159CDA41B89AC33000215AB /* AFBase32 */ = {
			isa = PBXNativeTarget;
			buildConfigurationList = 4159CDC81B89AC34000215AB /* Build configuration list for PBXNativeTarget "AFBase32" */;
			buildPhases = (
				4159CDA11B89AC33000215AB /* Sources */,
				4159CDA21B89AC33000215AB /* Frameworks */,
				4159CDA31B89AC33000215AB /* Resources */,
			);
			buildRules = (
			);
			dependencies = (
			);
			name = AFBase32;
			productName = base32;
			productReference = 4159CDA51B89AC33000215AB /* AFBase32.app */;
			productType = "com.apple.product-type.application";
		};
		4159CDBD1B89AC34000215AB /* AFBase32Tests */ = {
			isa = PBXNativeTarget;
			buildConfigurationList = 4159CDCB1B89AC34000215AB /* Build configuration list for PBXNativeTarget "AFBase32Tests" */;
			buildPhases = (
				4159CDBA1B89AC34000215AB /* Sources */,
				4159CDBB1B89AC34000215AB /* Frameworks */,
				4159CDBC1B89AC34000215AB /* Resources */,
			);
			buildRules = (
			);
			dependencies = (
				4159CDC01B89AC34000215AB /* PBXTargetDependency */,
			);
			name = AFBase32Tests;
			productName = base32Tests;
			productReference = 4159CDBE1B89AC34000215AB /* AFBase32Tests.xctest */;
			productType = "com.apple.product-type.bundle.unit-test";
		};
/* End PBXNativeTarget section */

/* Begin PBXProject section */
		4159CD9D1B89AC33000215AB /* Project object */ = {
			isa = PBXProject;
			attributes = {
				LastUpgradeCheck = 0610;
				TargetAttributes = {
					4159CDA41B89AC33000215AB = {
						CreatedOnToolsVersion = 6.1.1;
					};
					4159CDBD1B89AC34000215AB = {
						CreatedOnToolsVersion = 6.1.1;
						TestTargetID = 4159CDA41B89AC33000215AB;
					};
				};
			};
			buildConfigurationList = 4159CDA01B89AC33000215AB /* Build configuration list for PBXProject "AFBase32" */;
			compatibilityVersion = "Xcode 3.2";
			developmentRegion = English;
			hasScannedForEncodings = 0;
			knownRegions = (
				en,
				Base,
			);
			mainGroup = 4159CD9C1B89AC33000215AB;
			productRefGroup = 4159CDA61B89AC33000215AB /* Products */;
			projectDirPath = "";
			projectRoot = "";
			targets = (
				4159CDA41B89AC33000215AB /* AFBase32 */,
				4159CDBD1B89AC34000215AB /* AFBase32Tests */,
			);
		};
/* End PBXProject section */

/* Begin PBXResourcesBuildPhase section */
		4159CDA31B89AC33000215AB /* Resources */ = {
			isa = PBXResourcesBuildPhase;
			buildActionMask = 2147483647;
			files = (
				41E768081DE5238000135381 /* LaunchScreen.xib in Resources */,
				41E768091DE5238000135381 /* Main.storyboard in Resources */,
				41E768011DE5229E00135381 /* Images.xcassets in Resources */,
			);
			runOnlyForDeploymentPostprocessing = 0;
		};
		4159CDBC1B89AC34000215AB /* Resources */ = {
			isa = PBXResourcesBuildPhase;
			buildActionMask = 2147483647;
			files = (
			);
			runOnlyForDeploymentPostprocessing = 0;
		};
/* End PBXResourcesBuildPhase section */

/* Begin PBXSourcesBuildPhase section */
		4159CDA11B89AC33000215AB /* Sources */ = {
			isa = PBXSourcesBuildPhase;
			buildActionMask = 2147483647;
			files = (
				41E768031DE5229E00135381 /* main.m in Sources */,
				41E767F41DE5227F00135381 /* AFBase32.m in Sources */,
				41E767F61DE5227F00135381 /* ViewController.m in Sources */,
				41E767F51DE5227F00135381 /* AppDelegate.m in Sources */,
			);
			runOnlyForDeploymentPostprocessing = 0;
		};
		4159CDBA1B89AC34000215AB /* Sources */ = {
			isa = PBXSourcesBuildPhase;
			buildActionMask = 2147483647;
			files = (
				41E7680A1DE5254F00135381 /* AFBase32Tests.m in Sources */,
			);
			runOnlyForDeploymentPostprocessing = 0;
		};
/* End PBXSourcesBuildPhase section */

/* Begin PBXTargetDependency section */
		4159CDC01B89AC34000215AB /* PBXTargetDependency */ = {
			isa = PBXTargetDependency;
			target = 4159CDA41B89AC33000215AB /* AFBase32 */;
			targetProxy = 4159CDBF1B89AC34000215AB /* PBXContainerItemProxy */;
		};
/* End PBXTargetDependency section */

/* Begin PBXVariantGroup section */
		41E767F81DE5229E00135381 /* LaunchScreen.xib */ = {
			isa = PBXVariantGroup;
			children = (
				41E767F91DE5229E00135381 /* Base */,
			);
			name = LaunchScreen.xib;
			path = ../AFBase32/Base.lproj;
			sourceTree = "<group>";
		};
		41E767FA1DE5229E00135381 /* Main.storyboard */ = {
			isa = PBXVariantGroup;
			children = (
				41E767FB1DE5229E00135381 /* Base */,
			);
			name = Main.storyboard;
			path = ../AFBase32/Base.lproj;
			sourceTree = "<group>";
		};
/* End PBXVariantGroup section */

/* Begin XCBuildConfiguration section */
		4159CDC61B89AC34000215AB /* Debug */ = {
			isa = XCBuildConfiguration;
			buildSettings = {
				ALWAYS_SEARCH_USER_PATHS = NO;
				CLANG_CXX_LANGUAGE_STANDARD = "gnu++0x";
				CLANG_CXX_LIBRARY = "libc++";
				CLANG_ENABLE_MODULES = YES;
				CLANG_ENABLE_OBJC_ARC = YES;
				CLANG_WARN_BOOL_CONVERSION = YES;
				CLANG_WARN_CONSTANT_CONVERSION = YES;
				CLANG_WARN_DIRECT_OBJC_ISA_USAGE = YES_ERROR;
				CLANG_WARN_EMPTY_BODY = YES;
				CLANG_WARN_ENUM_CONVERSION = YES;
				CLANG_WARN_INT_CONVERSION = YES;
				CLANG_WARN_OBJC_ROOT_CLASS = YES_ERROR;
				CLANG_WARN_UNREACHABLE_CODE = YES;
				CLANG_WARN__DUPLICATE_METHOD_MATCH = YES;
				COPY_PHASE_STRIP = NO;
				ENABLE_STRICT_OBJC_MSGSEND = YES;
				GCC_C_LANGUAGE_STANDARD = gnu99;
				GCC_DYNAMIC_NO_PIC = NO;
				GCC_OPTIMIZATION_LEVEL = 0;
				GCC_PREPROCESSOR_DEFINITIONS = (
					"DEBUG=1",
					"$(inherited)",
				);
				GCC_SYMBOLS_PRIVATE_EXTERN = NO;
				GCC_WARN_64_TO_32_BIT_CONVERSION = YES;
				GCC_WARN_ABOUT_RETURN_TYPE = YES_ERROR;
				GCC_WARN_UNDECLARED_SELECTOR = YES;
				GCC_WARN_UNINITIALIZED_AUTOS = YES_AGGRESSIVE;
				GCC_WARN_UNUSED_FUNCTION = YES;
				GCC_WARN_UNUSED_VARIABLE = YES;
				IPHONEOS_DEPLOYMENT_TARGET = 7.1;
				MTL_ENABLE_DEBUG_INFO = YES;
				ONLY_ACTIVE_ARCH = YES;
				SDKROOT = iphoneos;
				TARGETED_DEVICE_FAMILY = "1,2";
			};
			name = Debug;
		};
		4159CDC71B89AC34000215AB /* Release */ = {
			isa = XCBuildConfiguration;
			buildSettings = {
				ALWAYS_SEARCH_USER_PATHS = NO;
				CLANG_CXX_LANGUAGE_STANDARD = "gnu++0x";
				CLANG_CXX_LIBRARY = "libc++";
				CLANG_ENABLE_MODULES = YES;
				CLANG_ENABLE_OBJC_ARC = YES;
				CLANG_WARN_BOOL_CONVERSION = YES;
				CLANG_WARN_CONSTANT_CONVERSION = YES;
				CLANG_WARN_DIRECT_OBJC_ISA_USAGE = YES_ERROR;
				CLANG_WARN_EMPTY_BODY = YES;
				CLANG_WARN_ENUM_CONVERSION = YES;
				CLANG_WARN_INT_CONVERSION = YES;
				CLANG_WARN_OBJC_ROOT_CLASS = YES_ERROR;
				CLANG_WARN_UNREACHABLE_CODE = YES;
				CLANG_WARN__DUPLICATE_METHOD_MATCH = YES;
				COPY_PHASE_STRIP = YES;
				ENABLE_NS_ASSERTIONS = NO;
				ENABLE_STRICT_OBJC_MSGSEND = YES;
				GCC_C_LANGUAGE_STANDARD = gnu99;
				GCC_WARN_64_TO_32_BIT_CONVERSION = YES;
				GCC_WARN_ABOUT_RETURN_TYPE = YES_ERROR;
				GCC_WARN_UNDECLARED_SELECTOR = YES;
				GCC_WARN_UNINITIALIZED_AUTOS = YES_AGGRESSIVE;
				GCC_WARN_UNUSED_FUNCTION = YES;
				GCC_WARN_UNUSED_VARIABLE = YES;
				IPHONEOS_DEPLOYMENT_TARGET = 7.1;
				MTL_ENABLE_DEBUG_INFO = NO;
				SDKROOT = iphoneos;
				TARGETED_DEVICE_FAMILY = "1,2";
				VALIDATE_PRODUCT = YES;
			};
			name = Release;
		};
		4159CDC91B89AC34000215AB /* Debug */ = {
			isa = XCBuildConfiguration;
			buildSettings = {
				ASSETCATALOG_COMPILER_APPICON_NAME = AppIcon;
				ASSETCATALOG_COMPILER_LAUNCHIMAGE_NAME = LaunchImage;
				INFOPLIST_FILE = AFBase32/Info.plist;
				LD_RUNPATH_SEARCH_PATHS = "$(inherited) @executable_path/Frameworks";
				PRODUCT_NAME = AFBase32;
			};
			name = Debug;
		};
		4159CDCA1B89AC34000215AB /* Release */ = {
			isa = XCBuildConfiguration;
			buildSettings = {
				ASSETCATALOG_COMPILER_APPICON_NAME = AppIcon;
				ASSETCATALOG_COMPILER_LAUNCHIMAGE_NAME = LaunchImage;
				INFOPLIST_FILE = AFBase32/Info.plist;
				LD_RUNPATH_SEARCH_PATHS = "$(inherited) @executable_path/Frameworks";
				PRODUCT_NAME = AFBase32;
			};
			name = Release;
		};
		4159CDCC1B89AC34000215AB /* Debug */ = {
			isa = XCBuildConfiguration;
			buildSettings = {
				BUNDLE_LOADER = "$(TEST_HOST)";
				FRAMEWORK_SEARCH_PATHS = (
					"$(SDKROOT)/Developer/Library/Frameworks",
					"$(inherited)",
				);
				GCC_PREPROCESSOR_DEFINITIONS = (
					"DEBUG=1",
					"$(inherited)",
				);
				INFOPLIST_FILE = AFBase32Tests/Info.plist;
				LD_RUNPATH_SEARCH_PATHS = "$(inherited) @executable_path/Frameworks @loader_path/Frameworks";
				PRODUCT_NAME = AFBase32Tests;
				TEST_HOST = "$(BUILT_PRODUCTS_DIR)/AFBase32.app/AFBase32";
			};
			name = Debug;
		};
		4159CDCD1B89AC34000215AB /* Release */ = {
			isa = XCBuildConfiguration;
			buildSettings = {
				BUNDLE_LOADER = "$(TEST_HOST)";
				FRAMEWORK_SEARCH_PATHS = (
					"$(SDKROOT)/Developer/Library/Frameworks",
					"$(inherited)",
				);
				INFOPLIST_FILE = AFBase32Tests/Info.plist;
				LD_RUNPATH_SEARCH_PATHS = "$(inherited) @executable_path/Frameworks @loader_path/Frameworks";
				PRODUCT_NAME = AFBase32Tests;
				TEST_HOST = "$(BUILT_PRODUCTS_DIR)/AFBase32.app/AFBase32";
			};
			name = Release;
		};
/* End XCBuildConfiguration section */

/* Begin XCConfigurationList section */
		4159CDA01B89AC33000215AB /* Build configuration list for PBXProject "AFBase32" */ = {
			isa = XCConfigurationList;
			buildConfigurations = (
				4159CDC61B89AC34000215AB /* Debug */,
				4159CDC71B89AC34000215AB /* Release */,
			);
			defaultConfigurationIsVisible = 0;
			defaultConfigurationName = Release;
		};
		4159CDC81B89AC34000215AB /* Build configuration list for PBXNativeTarget "AFBase32" */ = {
			isa = XCConfigurationList;
			buildConfigurations = (
				4159CDC91B89AC34000215AB /* Debug */,
				4159CDCA1B89AC34000215AB /* Release */,
			);
			defaultConfigurationIsVisible = 0;
			defaultConfigurationName = Release;
		};
		4159CDCB1B89AC34000215AB /* Build configuration list for PBXNativeTarget "AFBase32Tests" */ = {
			isa = XCConfigurationList;
			buildConfigurations = (
				4159CDCC1B89AC34000215AB /* Debug */,
				4159CDCD1B89AC34000215AB /* Release */,
			);
			defaultConfigurationIsVisible = 0;
			defaultConfigurationName = Release;
		};
/* End XCConfigurationList section */
	};
	rootObject = 4159CD9D1B89AC33000215AB /* Project object */;
}
